
Microsoft Visual Studio Solution File, Format Version 12.00
# Visual Studio 2015
Project("{FAE04EC0-301F-11D3-BF4B-00C04F79EFBC}") = "AR_SMAKKanaan", "AR_SMAKKanaan.csproj", "{7D76C95B-6A54-8387-3520-A4435A8C8BBE}"
EndProject
Project("{FAE04EC0-301F-11D3-BF4B-00C04F79EFBC}") = "AR_SMAKKanaan.Editor", "AR_SMAKKanaan.Editor.csproj", "{A198EFD9-759C-B520-4461-E3CEEF1B5975}"
EndProject
Global
	GlobalSection(SolutionConfigurationPlatforms) = preSolution
		Debug|Any CPU = Debug|Any CPU
		Release|Any CPU = Release|Any CPU
	EndGlobalSection
	GlobalSection(ProjectConfigurationPlatforms) = postSolution
		{7D76C95B-6A54-8387-3520-A4435A8C8BBE}.Debug|Any CPU.ActiveCfg = Debug|Any CPU
		{7D76C95B-6A54-8387-3520-A4435A8C8BBE}.Debug|Any CPU.Build.0 = Debug|Any CPU
		{7D76C95B-6A54-8387-3520-A4435A8C8BBE}.Release|Any CPU.ActiveCfg = Release|Any CPU
		{7D76C95B-6A54-8387-3520-A4435A8C8BBE}.Release|Any CPU.Build.0 = Release|Any CPU
		{A198EFD9-759C-B520-4461-E3CEEF1B5975}.Debug|Any CPU.ActiveCfg = Debug|Any CPU
		{A198EFD9-759C-B520-4461-E3CEEF1B5975}.Debug|Any CPU.Build.0 = Debug|Any CPU
		{A198EFD9-759C-B520-4461-E3CEEF1B5975}.Release|Any CPU.ActiveCfg = Release|Any CPU
		{A198EFD9-759C-B520-4461-E3CEEF1B5975}.Release|Any CPU.Build.0 = Release|Any CPU
	EndGlobalSection
	GlobalSection(SolutionProperties) = preSolution
		HideSolutionNode = FALSE
	EndGlobalSection
EndGlobal
